
Microsoft Visual Studio Solution File, Format Version 12.00
# Visual Studio 15
VisualStudioVersion = 15.0.28010.2003
MinimumVisualStudioVersion = 10.0.40219.1
Project("{FAE04EC0-301F-11D3-BF4B-00C04F79EFBC}") = "StudentCrossCheck", "StudentCrossCheck\StudentCrossCheck.csproj", "{1097B50C-A33B-4F19-B2A0-6EE21895892C}"
EndProject
Project("{2150E333-8FDC-42A3-9474-1A3956D46DE8}") = "Solution Items", "Solution Items", "{AC350D5E-5ADF-4DCE-B7CF-D73353841CF2}"
	ProjectSection(SolutionItems) = preProject
		Readme.md = Readme.md
	EndProjectSection
EndProject
Project("{9A19103F-16F7-4668-BE54-9A1E7A4F7556}") = "FileIO", "..\JARVIS2\CSC438\FileIO\FileIO.csproj", "{215D405D-27F4-4355-968E-2540F8E93308}"
EndProject
Global
	GlobalSection(SolutionConfigurationPlatforms) = preSolution
		Debug|Any CPU = Debug|Any CPU
		Release|Any CPU = Release|Any CPU
	EndGlobalSection
	GlobalSection(ProjectConfigurationPlatforms) = postSolution
		{1097B50C-A33B-4F19-B2A0-6EE21895892C}.Debug|Any CPU.ActiveCfg = Debug|Any CPU
		{1097B50C-A33B-4F19-B2A0-6EE21895892C}.Debug|Any CPU.Build.0 = Debug|Any CPU
		{1097B50C-A33B-4F19-B2A0-6EE21895892C}.Release|Any CPU.ActiveCfg = Release|Any CPU
		{1097B50C-A33B-4F19-B2A0-6EE21895892C}.Release|Any CPU.Build.0 = Release|Any CPU
		{215D405D-27F4-4355-968E-2540F8E93308}.Debug|Any CPU.ActiveCfg = Debug|Any CPU
		{215D405D-27F4-4355-968E-2540F8E93308}.Debug|Any CPU.Build.0 = Debug|Any CPU
		{215D405D-27F4-4355-968E-2540F8E93308}.Release|Any CPU.ActiveCfg = Release|Any CPU
		{215D405D-27F4-4355-968E-2540F8E93308}.Release|Any CPU.Build.0 = Release|Any CPU
	EndGlobalSection
	GlobalSection(SolutionProperties) = preSolution
		HideSolutionNode = FALSE
	EndGlobalSection
	GlobalSection(ExtensibilityGlobals) = postSolution
		SolutionGuid = {2C1F5438-6F1C-4385-9A09-B34BDD6C7E3E}
	EndGlobalSection
EndGlobal
